// !$*UTF8*$!
{
	archiveVersion = 1;
	classes = {
	};
	objectVersion = 50;
	objects = {

/* Begin PBXBuildFile section */
		30CDD0E023649C070006E337 /* Qibla WatchKit App.app in Embed Watch Content */ = {isa = PBXBuildFile; fileRef = 30CDD0DF23649C070006E337 /* Qibla WatchKit App.app */; settings = {ATTRIBUTES = (RemoveHeadersOnCopy, ); }; };
		30CDD0E623649C070006E337 /* Interface.storyboard in Resources */ = {isa = PBXBuildFile; fileRef = 30CDD0E423649C070006E337 /* Interface.storyboard */; };
		30CDD0E823649C080006E337 /* Assets.xcassets in Resources */ = {isa = PBXBuildFile; fileRef = 30CDD0E723649C080006E337 /* Assets.xcassets */; };
		30CDD0EF23649C080006E337 /* Qibla WatchKit Extension.appex in Embed App Extensions */ = {isa = PBXBuildFile; fileRef = 30CDD0EE23649C080006E337 /* Qibla WatchKit Extension.appex */; settings = {ATTRIBUTES = (RemoveHeadersOnCopy, ); }; };
		30CDD0F423649C080006E337 /* ContentView.swift in Sources */ = {isa = PBXBuildFile; fileRef = 30CDD0F323649C080006E337 /* ContentView.swift */; };
		30CDD0F623649C080006E337 /* HostingController.swift in Sources */ = {isa = PBXBuildFile; fileRef = 30CDD0F523649C080006E337 /* HostingController.swift */; };
		30CDD0F823649C080006E337 /* ExtensionDelegate.swift in Sources */ = {isa = PBXBuildFile; fileRef = 30CDD0F723649C080006E337 /* ExtensionDelegate.swift */; };
		30CDD0FA23649C080006E337 /* ComplicationController.swift in Sources */ = {isa = PBXBuildFile; fileRef = 30CDD0F923649C080006E337 /* ComplicationController.swift */; };
		30CDD0FC23649C080006E337 /* Assets.xcassets in Resources */ = {isa = PBXBuildFile; fileRef = 30CDD0FB23649C080006E337 /* Assets.xcassets */; };
		30CDD0FF23649C080006E337 /* Preview Assets.xcassets in Resources */ = {isa = PBXBuildFile; fileRef = 30CDD0FE23649C080006E337 /* Preview Assets.xcassets */; };
/* End PBXBuildFile section */

/* Begin PBXContainerItemProxy section */
		30CDD0E123649C070006E337 /* PBXContainerItemProxy */ = {
			isa = PBXContainerItemProxy;
			containerPortal = 30CDD0D523649C070006E337 /* Project object */;
			proxyType = 1;
			remoteGlobalIDString = 30CDD0DE23649C070006E337;
			remoteInfo = "Qibla WatchKit App";
		};
		30CDD0F023649C080006E337 /* PBXContainerItemProxy */ = {
			isa = PBXContainerItemProxy;
			containerPortal = 30CDD0D523649C070006E337 /* Project object */;
			proxyType = 1;
			remoteGlobalIDString = 30CDD0ED23649C080006E337;
			remoteInfo = "Qibla WatchKit Extension";
		};
/* End PBXContainerItemProxy section */

/* Begin PBXCopyFilesBuildPhase section */
		30CDD10623649C080006E337 /* Embed App Extensions */ = {
			isa = PBXCopyFilesBuildPhase;
			buildActionMask = 2147483647;
			dstPath = "";
			dstSubfolderSpec = 13;
			files = (
				30CDD0EF23649C080006E337 /* Qibla WatchKit Extension.appex in Embed App Extensions */,
			);
			name = "Embed App Extensions";
			runOnlyForDeploymentPostprocessing = 0;
		};
		30CDD10A23649C080006E337 /* Embed Watch Content */ = {
			isa = PBXCopyFilesBuildPhase;
			buildActionMask = 2147483647;
			dstPath = "$(CONTENTS_FOLDER_PATH)/Watch";
			dstSubfolderSpec = 16;
			files = (
				30CDD0E023649C070006E337 /* Qibla WatchKit App.app in Embed Watch Content */,
			);
			name = "Embed Watch Content";
			runOnlyForDeploymentPostprocessing = 0;
		};
/* End PBXCopyFilesBuildPhase section */

/* Begin PBXFileReference section */
		30CDD0DB23649C070006E337 /* Qibla.app */ = {isa = PBXFileReference; explicitFileType = wrapper.application; includeInIndex = 0; path = Qibla.app; sourceTree = BUILT_PRODUCTS_DIR; };
		30CDD0DF23649C070006E337 /* Qibla WatchKit App.app */ = {isa = PBXFileReference; explicitFileType = wrapper.application; includeInIndex = 0; path = "Qibla WatchKit App.app"; sourceTree = BUILT_PRODUCTS_DIR; };
		30CDD0E523649C070006E337 /* Base */ = {isa = PBXFileReference; lastKnownFileType = file.storyboard; name = Base; path = Base.lproj/Interface.storyboard; sourceTree = "<group>"; };
		30CDD0E723649C080006E337 /* Assets.xcassets */ = {isa = PBXFileReference; lastKnownFileType = folder.assetcatalog; path = Assets.xcassets; sourceTree = "<group>"; };
		30CDD0E923649C080006E337 /* Info.plist */ = {isa = PBXFileReference; lastKnownFileType = text.plist.xml; path = Info.plist; sourceTree = "<group>"; };
		30CDD0EE23649C080006E337 /* Qibla WatchKit Extension.appex */ = {isa = PBXFileReference; explicitFileType = "wrapper.app-extension"; includeInIndex = 0; path = "Qibla WatchKit Extension.appex"; sourceTree = BUILT_PRODUCTS_DIR; };
		30CDD0F323649C080006E337 /* ContentView.swift */ = {isa = PBXFileReference; lastKnownFileType = sourcecode.swift; path = ContentView.swift; sourceTree = "<group>"; };
		30CDD0F523649C080006E337 /* HostingController.swift */ = {isa = PBXFileReference; lastKnownFileType = sourcecode.swift; path = HostingController.swift; sourceTree = "<group>"; };
		30CDD0F723649C080006E337 /* ExtensionDelegate.swift */ = {isa = PBXFileReference; lastKnownFileType = sourcecode.swift; path = ExtensionDelegate.swift; sourceTree = "<group>"; };
		30CDD0F923649C080006E337 /* ComplicationController.swift */ = {isa = PBXFileReference; lastKnownFileType = sourcecode.swift; path = ComplicationController.swift; sourceTree = "<group>"; };
		30CDD0FB23649C080006E337 /* Assets.xcassets */ = {isa = PBXFileReference; lastKnownFileType = folder.assetcatalog; path = Assets.xcassets; sourceTree = "<group>"; };
		30CDD0FE23649C080006E337 /* Preview Assets.xcassets */ = {isa = PBXFileReference; lastKnownFileType = folder.assetcatalog; path = "Preview Assets.xcassets"; sourceTree = "<group>"; };
		30CDD10023649C080006E337 /* Info.plist */ = {isa = PBXFileReference; lastKnownFileType = text.plist.xml; path = Info.plist; sourceTree = "<group>"; };
/* End PBXFileReference section */

/* Begin PBXFrameworksBuildPhase section */
		30CDD0EB23649C080006E337 /* Frameworks */ = {
			isa = PBXFrameworksBuildPhase;
			buildActionMask = 2147483647;
			files = (
			);
			runOnlyForDeploymentPostprocessing = 0;
		};
/* End PBXFrameworksBuildPhase section */

/* Begin PBXGroup section */
		30CDD0D423649C070006E337 = {
			isa = PBXGroup;
			children = (
				30CDD0E323649C070006E337 /* Qibla WatchKit App */,
				30CDD0F223649C080006E337 /* Qibla WatchKit Extension */,
				30CDD0DC23649C070006E337 /* Products */,
			);
			sourceTree = "<group>";
		};
		30CDD0DC23649C070006E337 /* Products */ = {
			isa = PBXGroup;
			children = (
				30CDD0DB23649C070006E337 /* Qibla.app */,
				30CDD0DF23649C070006E337 /* Qibla WatchKit App.app */,
				30CDD0EE23649C080006E337 /* Qibla WatchKit Extension.appex */,
			);
			name = Products;
			sourceTree = "<group>";
		};
		30CDD0E323649C070006E337 /* Qibla WatchKit App */ = {
			isa = PBXGroup;
			children = (
				30CDD0E423649C070006E337 /* Interface.storyboard */,
				30CDD0E723649C080006E337 /* Assets.xcassets */,
				30CDD0E923649C080006E337 /* Info.plist */,
			);
			path = "Qibla WatchKit App";
			sourceTree = "<group>";
		};
		30CDD0F223649C080006E337 /* Qibla WatchKit Extension */ = {
			isa = PBXGroup;
			children = (
				30CDD0F323649C080006E337 /* ContentView.swift */,
				30CDD0F523649C080006E337 /* HostingController.swift */,
				30CDD0F723649C080006E337 /* ExtensionDelegate.swift */,
				30CDD0F923649C080006E337 /* ComplicationController.swift */,
				30CDD0FB23649C080006E337 /* Assets.xcassets */,
				30CDD10023649C080006E337 /* Info.plist */,
				30CDD0FD23649C080006E337 /* Preview Content */,
			);
			path = "Qibla WatchKit Extension";
			sourceTree = "<group>";
		};
		30CDD0FD23649C080006E337 /* Preview Content */ = {
			isa = PBXGroup;
			children = (
				30CDD0FE23649C080006E337 /* Preview Assets.xcassets */,
			);
			path = "Preview Content";
			sourceTree = "<group>";
		};
/* End PBXGroup section */

/* Begin PBXNativeTarget section */
		30CDD0DA23649C070006E337 /* Qibla */ = {
			isa = PBXNativeTarget;
			buildConfigurationList = 30CDD10B23649C080006E337 /* Build configuration list for PBXNativeTarget "Qibla" */;
			buildPhases = (
				30CDD0D923649C070006E337 /* Resources */,
				30CDD10A23649C080006E337 /* Embed Watch Content */,
			);
			buildRules = (
			);
			dependencies = (
				30CDD0E223649C070006E337 /* PBXTargetDependency */,
			);
			name = Qibla;
			productName = Qibla;
			productReference = 30CDD0DB23649C070006E337 /* Qibla.app */;
			productType = "com.apple.product-type.application.watchapp2-container";
		};
		30CDD0DE23649C070006E337 /* Qibla WatchKit App */ = {
			isa = PBXNativeTarget;
			buildConfigurationList = 30CDD10723649C080006E337 /* Build configuration list for PBXNativeTarget "Qibla WatchKit App" */;
			buildPhases = (
				30CDD0DD23649C070006E337 /* Resources */,
				30CDD10623649C080006E337 /* Embed App Extensions */,
			);
			buildRules = (
			);
			dependencies = (
				30CDD0F123649C080006E337 /* PBXTargetDependency */,
			);
			name = "Qibla WatchKit App";
			productName = "Qibla WatchKit App";
			productReference = 30CDD0DF23649C070006E337 /* Qibla WatchKit App.app */;
			productType = "com.apple.product-type.application.watchapp2";
		};
		30CDD0ED23649C080006E337 /* Qibla WatchKit Extension */ = {
			isa = PBXNativeTarget;
			buildConfigurationList = 30CDD10323649C080006E337 /* Build configuration list for PBXNativeTarget "Qibla WatchKit Extension" */;
			buildPhases = (
				30CDD0EA23649C080006E337 /* Sources */,
				30CDD0EB23649C080006E337 /* Frameworks */,
				30CDD0EC23649C080006E337 /* Resources */,
			);
			buildRules = (
			);
			dependencies = (
			);
			name = "Qibla WatchKit Extension";
			productName = "Qibla WatchKit Extension";
			productReference = 30CDD0EE23649C080006E337 /* Qibla WatchKit Extension.appex */;
			productType = "com.apple.product-type.watchkit2-extension";
		};
/* End PBXNativeTarget section */

/* Begin PBXProject section */
		30CDD0D523649C070006E337 /* Project object */ = {
			isa = PBXProject;
			attributes = {
				LastSwiftUpdateCheck = 1110;
				LastUpgradeCheck = 1110;
				ORGANIZATIONNAME = "Saeed Taheri";
				TargetAttributes = {
					30CDD0DA23649C070006E337 = {
						CreatedOnToolsVersion = 11.1;
					};
					30CDD0DE23649C070006E337 = {
						CreatedOnToolsVersion = 11.1;
					};
					30CDD0ED23649C080006E337 = {
						CreatedOnToolsVersion = 11.1;
					};
				};
			};
			buildConfigurationList = 30CDD0D823649C070006E337 /* Build configuration list for PBXProject "Qibla" */;
			compatibilityVersion = "Xcode 9.3";
			developmentRegion = en;
			hasScannedForEncodings = 0;
			knownRegions = (
				en,
				Base,
			);
			mainGroup = 30CDD0D423649C070006E337;
			productRefGroup = 30CDD0DC23649C070006E337 /* Products */;
			projectDirPath = "";
			projectRoot = "";
			targets = (
				30CDD0DA23649C070006E337 /* Qibla */,
				30CDD0DE23649C070006E337 /* Qibla WatchKit App */,
				30CDD0ED23649C080006E337 /* Qibla WatchKit Extension */,
			);
		};
/* End PBXProject section */

/* Begin PBXResourcesBuildPhase section */
		30CDD0D923649C070006E337 /* Resources */ = {
			isa = PBXResourcesBuildPhase;
			buildActionMask = 2147483647;
			files = (
			);
			runOnlyForDeploymentPostprocessing = 0;
		};
		30CDD0DD23649C070006E337 /* Resources */ = {
			isa = PBXResourcesBuildPhase;
			buildActionMask = 2147483647;
			files = (
				30CDD0E823649C080006E337 /* Assets.xcassets in Resources */,
				30CDD0E623649C070006E337 /* Interface.storyboard in Resources */,
			);
			runOnlyForDeploymentPostprocessing = 0;
		};
		30CDD0EC23649C080006E337 /* Resources */ = {
			isa = PBXResourcesBuildPhase;
			buildActionMask = 2147483647;
			files = (
				30CDD0FF23649C080006E337 /* Preview Assets.xcassets in Resources */,
				30CDD0FC23649C080006E337 /* Assets.xcassets in Resources */,
			);
			runOnlyForDeploymentPostprocessing = 0;
		};
/* End PBXResourcesBuildPhase section */

/* Begin PBXSourcesBuildPhase section */
		30CDD0EA23649C080006E337 /* Sources */ = {
			isa = PBXSourcesBuildPhase;
			buildActionMask = 2147483647;
			files = (
				30CDD0F623649C080006E337 /* HostingController.swift in Sources */,
				30CDD0FA23649C080006E337 /* ComplicationController.swift in Sources */,
				30CDD0F423649C080006E337 /* ContentView.swift in Sources */,
				30CDD0F823649C080006E337 /* ExtensionDelegate.swift in Sources */,
			);
			runOnlyForDeploymentPostprocessing = 0;
		};
/* End PBXSourcesBuildPhase section */

/* Begin PBXTargetDependency section */
		30CDD0E223649C070006E337 /* PBXTargetDependency */ = {
			isa = PBXTargetDependency;
			target = 30CDD0DE23649C070006E337 /* Qibla WatchKit App */;
			targetProxy = 30CDD0E123649C070006E337 /* PBXContainerItemProxy */;
		};
		30CDD0F123649C080006E337 /* PBXTargetDependency */ = {
			isa = PBXTargetDependency;
			target = 30CDD0ED23649C080006E337 /* Qibla WatchKit Extension */;
			targetProxy = 30CDD0F023649C080006E337 /* PBXContainerItemProxy */;
		};
/* End PBXTargetDependency section */

/* Begin PBXVariantGroup section */
		30CDD0E423649C070006E337 /* Interface.storyboard */ = {
			isa = PBXVariantGroup;
			children = (
				30CDD0E523649C070006E337 /* Base */,
			);
			name = Interface.storyboard;
			sourceTree = "<group>";
		};
/* End PBXVariantGroup section */

/* Begin XCBuildConfiguration section */
		30CDD10123649C080006E337 /* Debug */ = {
			isa = XCBuildConfiguration;
			buildSettings = {
				ALWAYS_SEARCH_USER_PATHS = NO;
				CLANG_ANALYZER_NONNULL = YES;
				CLANG_ANALYZER_NUMBER_OBJECT_CONVERSION = YES_AGGRESSIVE;
				CLANG_CXX_LANGUAGE_STANDARD = "gnu++14";
				CLANG_CXX_LIBRARY = "libc++";
				CLANG_ENABLE_MODULES = YES;
				CLANG_ENABLE_OBJC_ARC = YES;
				CLANG_ENABLE_OBJC_WEAK = YES;
				CLANG_WARN_BLOCK_CAPTURE_AUTORELEASING = YES;
				CLANG_WARN_BOOL_CONVERSION = YES;
				CLANG_WARN_COMMA = YES;
				CLANG_WARN_CONSTANT_CONVERSION = YES;
				CLANG_WARN_DEPRECATED_OBJC_IMPLEMENTATIONS = YES;
				CLANG_WARN_DIRECT_OBJC_ISA_USAGE = YES_ERROR;
				CLANG_WARN_DOCUMENTATION_COMMENTS = YES;
				CLANG_WARN_EMPTY_BODY = YES;
				CLANG_WARN_ENUM_CONVERSION = YES;
				CLANG_WARN_INFINITE_RECURSION = YES;
				CLANG_WARN_INT_CONVERSION = YES;
				CLANG_WARN_NON_LITERAL_NULL_CONVERSION = YES;
				CLANG_WARN_OBJC_IMPLICIT_RETAIN_SELF = YES;
				CLANG_WARN_OBJC_LITERAL_CONVERSION = YES;
				CLANG_WARN_OBJC_ROOT_CLASS = YES_ERROR;
				CLANG_WARN_RANGE_LOOP_ANALYSIS = YES;
				CLANG_WARN_STRICT_PROTOTYPES = YES;
				CLANG_WARN_SUSPICIOUS_MOVE = YES;
				CLANG_WARN_UNGUARDED_AVAILABILITY = YES_AGGRESSIVE;
				CLANG_WARN_UNREACHABLE_CODE = YES;
				CLANG_WARN__DUPLICATE_METHOD_MATCH = YES;
				COPY_PHASE_STRIP = NO;
				DEBUG_INFORMATION_FORMAT = dwarf;
				ENABLE_STRICT_OBJC_MSGSEND = YES;
				ENABLE_TESTABILITY = YES;
				GCC_C_LANGUAGE_STANDARD = gnu11;
				GCC_DYNAMIC_NO_PIC = NO;
				GCC_NO_COMMON_BLOCKS = YES;
				GCC_OPTIMIZATION_LEVEL = 0;
				GCC_PREPROCESSOR_DEFINITIONS = (
					"DEBUG=1",
					"$(inherited)",
				);
				GCC_WARN_64_TO_32_BIT_CONVERSION = YES;
				GCC_WARN_ABOUT_RETURN_TYPE = YES_ERROR;
				GCC_WARN_UNDECLARED_SELECTOR = YES;
				GCC_WARN_UNINITIALIZED_AUTOS = YES_AGGRESSIVE;
				GCC_WARN_UNUSED_FUNCTION = YES;
				GCC_WARN_UNUSED_VARIABLE = YES;
				MTL_ENABLE_DEBUG_INFO = INCLUDE_SOURCE;
				MTL_FAST_MATH = YES;
				ONLY_ACTIVE_ARCH = YES;
				SDKROOT = iphoneos;
				SWIFT_ACTIVE_COMPILATION_CONDITIONS = DEBUG;
				SWIFT_OPTIMIZATION_LEVEL = "-Onone";
			};
			name = Debug;
		};
		30CDD10223649C080006E337 /* Release */ = {
			isa = XCBuildConfiguration;
			buildSettings = {
				ALWAYS_SEARCH_USER_PATHS = NO;
				CLANG_ANALYZER_NONNULL = YES;
				CLANG_ANALYZER_NUMBER_OBJECT_CONVERSION = YES_AGGRESSIVE;
				CLANG_CXX_LANGUAGE_STANDARD = "gnu++14";
				CLANG_CXX_LIBRARY = "libc++";
				CLANG_ENABLE_MODULES = YES;
				CLANG_ENABLE_OBJC_ARC = YES;
				CLANG_ENABLE_OBJC_WEAK = YES;
				CLANG_WARN_BLOCK_CAPTURE_AUTORELEASING = YES;
				CLANG_WARN_BOOL_CONVERSION = YES;
				CLANG_WARN_COMMA = YES;
				CLANG_WARN_CONSTANT_CONVERSION = YES;
				CLANG_WARN_DEPRECATED_OBJC_IMPLEMENTATIONS = YES;
				CLANG_WARN_DIRECT_OBJC_ISA_USAGE = YES_ERROR;
				CLANG_WARN_DOCUMENTATION_COMMENTS = YES;
				CLANG_WARN_EMPTY_BODY = YES;
				CLANG_WARN_ENUM_CONVERSION = YES;
				CLANG_WARN_INFINITE_RECURSION = YES;
				CLANG_WARN_INT_CONVERSION = YES;
				CLANG_WARN_NON_LITERAL_NULL_CONVERSION = YES;
				CLANG_WARN_OBJC_IMPLICIT_RETAIN_SELF = YES;
				CLANG_WARN_OBJC_LITERAL_CONVERSION = YES;
				CLANG_WARN_OBJC_ROOT_CLASS = YES_ERROR;
				CLANG_WARN_RANGE_LOOP_ANALYSIS = YES;
				CLANG_WARN_STRICT_PROTOTYPES = YES;
				CLANG_WARN_SUSPICIOUS_MOVE = YES;
				CLANG_WARN_UNGUARDED_AVAILABILITY = YES_AGGRESSIVE;
				CLANG_WARN_UNREACHABLE_CODE = YES;
				CLANG_WARN__DUPLICATE_METHOD_MATCH = YES;
				COPY_PHASE_STRIP = NO;
				DEBUG_INFORMATION_FORMAT = "dwarf-with-dsym";
				ENABLE_NS_ASSERTIONS = NO;
				ENABLE_STRICT_OBJC_MSGSEND = YES;
				GCC_C_LANGUAGE_STANDARD = gnu11;
				GCC_NO_COMMON_BLOCKS = YES;
				GCC_WARN_64_TO_32_BIT_CONVERSION = YES;
				GCC_WARN_ABOUT_RETURN_TYPE = YES_ERROR;
				GCC_WARN_UNDECLARED_SELECTOR = YES;
				GCC_WARN_UNINITIALIZED_AUTOS = YES_AGGRESSIVE;
				GCC_WARN_UNUSED_FUNCTION = YES;
				GCC_WARN_UNUSED_VARIABLE = YES;
				MTL_ENABLE_DEBUG_INFO = NO;
				MTL_FAST_MATH = YES;
				SDKROOT = iphoneos;
				SWIFT_COMPILATION_MODE = wholemodule;
				SWIFT_OPTIMIZATION_LEVEL = "-O";
				VALIDATE_PRODUCT = YES;
			};
			name = Release;
		};
		30CDD10423649C080006E337 /* Debug */ = {
			isa = XCBuildConfiguration;
			buildSettings = {
				ASSETCATALOG_COMPILER_COMPLICATION_NAME = Complication;
				CODE_SIGN_STYLE = Automatic;
				DEVELOPMENT_ASSET_PATHS = "\"Qibla WatchKit Extension/Preview Content\"";
				ENABLE_PREVIEWS = YES;
				INFOPLIST_FILE = "Qibla WatchKit Extension/Info.plist";
				LD_RUNPATH_SEARCH_PATHS = (
					"$(inherited)",
					"@executable_path/Frameworks",
					"@executable_path/../../Frameworks",
				);
				PRODUCT_BUNDLE_IDENTIFIER = com.saeedtaheri.Qibla.watchkitapp.watchkitextension;
				PRODUCT_NAME = "${TARGET_NAME}";
				SDKROOT = watchos;
				SKIP_INSTALL = YES;
				SWIFT_VERSION = 5.0;
				TARGETED_DEVICE_FAMILY = 4;
				WATCHOS_DEPLOYMENT_TARGET = 6.0;
			};
			name = Debug;
		};
		30CDD10523649C080006E337 /* Release */ = {
			isa = XCBuildConfiguration;
			buildSettings = {
				ASSETCATALOG_COMPILER_COMPLICATION_NAME = Complication;
				CODE_SIGN_STYLE = Automatic;
				DEVELOPMENT_ASSET_PATHS = "\"Qibla WatchKit Extension/Preview Content\"";
				ENABLE_PREVIEWS = YES;
				INFOPLIST_FILE = "Qibla WatchKit Extension/Info.plist";
				LD_RUNPATH_SEARCH_PATHS = (
					"$(inherited)",
					"@executable_path/Frameworks",
					"@executable_path/../../Frameworks",
				);
				PRODUCT_BUNDLE_IDENTIFIER = com.saeedtaheri.Qibla.watchkitapp.watchkitextension;
				PRODUCT_NAME = "${TARGET_NAME}";
				SDKROOT = watchos;
				SKIP_INSTALL = YES;
				SWIFT_VERSION = 5.0;
				TARGETED_DEVICE_FAMILY = 4;
				WATCHOS_DEPLOYMENT_TARGET = 6.0;
			};
			name = Release;
		};
		30CDD10823649C080006E337 /* Debug */ = {
			isa = XCBuildConfiguration;
			buildSettings = {
				ALWAYS_EMBED_SWIFT_STANDARD_LIBRARIES = YES;
				ASSETCATALOG_COMPILER_APPICON_NAME = AppIcon;
				CODE_SIGN_STYLE = Automatic;
				IBSC_MODULE = Qibla_WatchKit_Extension;
				INFOPLIST_FILE = "Qibla WatchKit App/Info.plist";
				PRODUCT_BUNDLE_IDENTIFIER = com.saeedtaheri.Qibla.watchkitapp;
				PRODUCT_NAME = "$(TARGET_NAME)";
				SDKROOT = watchos;
				SKIP_INSTALL = YES;
				SWIFT_VERSION = 5.0;
				TARGETED_DEVICE_FAMILY = 4;
				WATCHOS_DEPLOYMENT_TARGET = 6.0;
			};
			name = Debug;
		};
		30CDD10923649C080006E337 /* Release */ = {
			isa = XCBuildConfiguration;
			buildSettings = {
				ALWAYS_EMBED_SWIFT_STANDARD_LIBRARIES = YES;
				ASSETCATALOG_COMPILER_APPICON_NAME = AppIcon;
				CODE_SIGN_STYLE = Automatic;
				IBSC_MODULE = Qibla_WatchKit_Extension;
				INFOPLIST_FILE = "Qibla WatchKit App/Info.plist";
				PRODUCT_BUNDLE_IDENTIFIER = com.saeedtaheri.Qibla.watchkitapp;
				PRODUCT_NAME = "$(TARGET_NAME)";
				SDKROOT = watchos;
				SKIP_INSTALL = YES;
				SWIFT_VERSION = 5.0;
				TARGETED_DEVICE_FAMILY = 4;
				WATCHOS_DEPLOYMENT_TARGET = 6.0;
			};
			name = Release;
		};
		30CDD10C23649C080006E337 /* Debug */ = {
			isa = XCBuildConfiguration;
			buildSettings = {
				CODE_SIGN_STYLE = Automatic;
				CURRENT_PROJECT_VERSION = 1;
				MARKETING_VERSION = 1.0;
				PRODUCT_BUNDLE_IDENTIFIER = com.saeedtaheri.Qibla;
				PRODUCT_NAME = "$(TARGET_NAME)";
				SWIFT_VERSION = 5.0;
			};
			name = Debug;
		};
		30CDD10D23649C080006E337 /* Release */ = {
			isa = XCBuildConfiguration;
			buildSettings = {
				CODE_SIGN_STYLE = Automatic;
				CURRENT_PROJECT_VERSION = 1;
				MARKETING_VERSION = 1.0;
				PRODUCT_BUNDLE_IDENTIFIER = com.saeedtaheri.Qibla;
				PRODUCT_NAME = "$(TARGET_NAME)";
				SWIFT_VERSION = 5.0;
			};
			name = Release;
		};
/* End XCBuildConfiguration section */

/* Begin XCConfigurationList section */
		30CDD0D823649C070006E337 /* Build configuration list for PBXProject "Qibla" */ = {
			isa = XCConfigurationList;
			buildConfigurations = (
				30CDD10123649C080006E337 /* Debug */,
				30CDD10223649C080006E337 /* Release */,
			);
			defaultConfigurationIsVisible = 0;
			defaultConfigurationName = Release;
		};
		30CDD10323649C080006E337 /* Build configuration list for PBXNativeTarget "Qibla WatchKit Extension" */ = {
			isa = XCConfigurationList;
			buildConfigurations = (
				30CDD10423649C080006E337 /* Debug */,
				30CDD10523649C080006E337 /* Release */,
			);
			defaultConfigurationIsVisible = 0;
			defaultConfigurationName = Release;
		};
		30CDD10723649C080006E337 /* Build configuration list for PBXNativeTarget "Qibla WatchKit App" */ = {
			isa = XCConfigurationList;
			buildConfigurations = (
				30CDD10823649C080006E337 /* Debug */,
				30CDD10923649C080006E337 /* Release */,
			);
			defaultConfigurationIsVisible = 0;
			defaultConfigurationName = Release;
		};
		30CDD10B23649C080006E337 /* Build configuration list for PBXNativeTarget "Qibla" */ = {
			isa = XCConfigurationList;
			buildConfigurations = (
				30CDD10C23649C080006E337 /* Debug */,
				30CDD10D23649C080006E337 /* Release */,
			);
			defaultConfigurationIsVisible = 0;
			defaultConfigurationName = Release;
		};
/* End XCConfigurationList section */
	};
	rootObject = 30CDD0D523649C070006E337 /* Project object */;
}
